
Microsoft Visual Studio Solution File, Format Version 12.00
# Visual Studio Version 17
VisualStudioVersion = 17.0.31903.59
MinimumVisualStudioVersion = 10.0.40219.1
Project("{2150E333-8FDC-42A3-9474-1A3956D46DE8}") = "src", "src", "{4FDA374F-993B-4043-9885-D44EC5C9F48D}"
EndProject
Project("{FAE04EC0-301F-11D3-BF4B-00C04F79EFBC}") = "WinSolve", "src\WinSolve\WinSolve.csproj", "{3E3A81E5-B1B1-4482-8156-992372085B42}"
EndProject
Project("{FAE04EC0-301F-11D3-BF4B-00C04F79EFBC}") = "WinSolve.Setup", "src\WinSolve.Setup\WinSolve.Setup.csproj", "{A28E6357-4322-4BFC-B962-9BB1F478BF25}"
EndProject
Global
	GlobalSection(SolutionConfigurationPlatforms) = preSolution
		Debug|Any CPU = Debug|Any CPU
		Release|Any CPU = Release|Any CPU
	EndGlobalSection
	GlobalSection(SolutionProperties) = preSolution
		HideSolutionNode = FALSE
	EndGlobalSection
	GlobalSection(ProjectConfigurationPlatforms) = postSolution
		{3E3A81E5-B1B1-4482-8156-992372085B42}.Debug|Any CPU.ActiveCfg = Debug|Any CPU
		{3E3A81E5-B1B1-4482-8156-992372085B42}.Debug|Any CPU.Build.0 = Debug|Any CPU
		{3E3A81E5-B1B1-4482-8156-992372085B42}.Release|Any CPU.ActiveCfg = Release|Any CPU
		{3E3A81E5-B1B1-4482-8156-992372085B42}.Release|Any CPU.Build.0 = Release|Any CPU
		{A28E6357-4322-4BFC-B962-9BB1F478BF25}.Debug|Any CPU.ActiveCfg = Debug|Any CPU
		{A28E6357-4322-4BFC-B962-9BB1F478BF25}.Debug|Any CPU.Build.0 = Debug|Any CPU
		{A28E6357-4322-4BFC-B962-9BB1F478BF25}.Release|Any CPU.ActiveCfg = Release|Any CPU
		{A28E6357-4322-4BFC-B962-9BB1F478BF25}.Release|Any CPU.Build.0 = Release|Any CPU
	EndGlobalSection
	GlobalSection(NestedProjects) = preSolution
		{3E3A81E5-B1B1-4482-8156-992372085B42} = {4FDA374F-993B-4043-9885-D44EC5C9F48D}
		{A28E6357-4322-4BFC-B962-9BB1F478BF25} = {4FDA374F-993B-4043-9885-D44EC5C9F48D}
	EndGlobalSection
EndGlobal
